{
  "pins" : [
    {
      "identity" : "eidwebrtc-spm",
      "kind" : "remoteSourceControl",
      "location" : "https://gitlab.electronicid.eu/eid-public/eid-sdk/eidwebrtc-spm",
      "state" : {
        "branch" : "main",
        "revision" : "1351ca17cedc9a8fc2df9ea12ddf796f9b1e2ca5"
      }
    }
  ],
  "version" : 2
}
